// !$*UTF8*$!
{
	archiveVersion = 1;
	classes = {
	};
	objectVersion = 50;
	objects = {

/* Begin PBXBuildFile section */
		75569CE821C227C5005105CA /* AppDelegate.swift in Sources */ = {isa = PBXBuildFile; fileRef = 75569CE721C227C5005105CA /* AppDelegate.swift */; };
		75569CEA21C227C5005105CA /* ViewController.swift in Sources */ = {isa = PBXBuildFile; fileRef = 75569CE921C227C5005105CA /* ViewController.swift */; };
		75569CED21C227C5005105CA /* Main.storyboard in Resources */ = {isa = PBXBuildFile; fileRef = 75569CEB21C227C5005105CA /* Main.storyboard */; };
		75569CEF21C227C6005105CA /* Assets.xcassets in Resources */ = {isa = PBXBuildFile; fileRef = 75569CEE21C227C6005105CA /* Assets.xcassets */; };
		75569CF221C227C6005105CA /* LaunchScreen.storyboard in Resources */ = {isa = PBXBuildFile; fileRef = 75569CF021C227C6005105CA /* LaunchScreen.storyboard */; };
		84F80C0E2458483D00BEF56C /* RxCocoa.framework in Frameworks */ = {isa = PBXBuildFile; fileRef = 84F80C0D2458483D00BEF56C /* RxCocoa.framework */; };
		84F80C122458484900BEF56C /* RxSwift.framework in Frameworks */ = {isa = PBXBuildFile; fileRef = 84F80C112458484900BEF56C /* RxSwift.framework */; };
		84F80C152458485800BEF56C /* NSObject_Rx.framework in Frameworks */ = {isa = PBXBuildFile; fileRef = 84F80C142458485800BEF56C /* NSObject_Rx.framework */; };
		84F80C182458486600BEF56C /* RxRelay.framework in Frameworks */ = {isa = PBXBuildFile; fileRef = 84F80C172458486600BEF56C /* RxRelay.framework */; };
/* End PBXBuildFile section */

/* Begin PBXFileReference section */
		75569CE421C227C5005105CA /* AutoLayoutTwitterProfile.app */ = {isa = PBXFileReference; explicitFileType = wrapper.application; includeInIndex = 0; path = AutoLayoutTwitterProfile.app; sourceTree = BUILT_PRODUCTS_DIR; };
		75569CE721C227C5005105CA /* AppDelegate.swift */ = {isa = PBXFileReference; lastKnownFileType = sourcecode.swift; path = AppDelegate.swift; sourceTree = "<group>"; };
		75569CE921C227C5005105CA /* ViewController.swift */ = {isa = PBXFileReference; lastKnownFileType = sourcecode.swift; path = ViewController.swift; sourceTree = "<group>"; };
		75569CEC21C227C5005105CA /* Base */ = {isa = PBXFileReference; lastKnownFileType = file.storyboard; name = Base; path = Base.lproj/Main.storyboard; sourceTree = "<group>"; };
		75569CEE21C227C6005105CA /* Assets.xcassets */ = {isa = PBXFileReference; lastKnownFileType = folder.assetcatalog; path = Assets.xcassets; sourceTree = "<group>"; };
		75569CF121C227C6005105CA /* Base */ = {isa = PBXFileReference; lastKnownFileType = file.storyboard; name = Base; path = Base.lproj/LaunchScreen.storyboard; sourceTree = "<group>"; };
		75569CF321C227C6005105CA /* Info.plist */ = {isa = PBXFileReference; lastKnownFileType = text.plist.xml; path = Info.plist; sourceTree = "<group>"; };
		84F80C0D2458483D00BEF56C /* RxCocoa.framework */ = {isa = PBXFileReference; lastKnownFileType = wrapper.framework; name = RxCocoa.framework; path = Carthage/Build/iOS/RxCocoa.framework; sourceTree = "<group>"; };
		84F80C112458484900BEF56C /* RxSwift.framework */ = {isa = PBXFileReference; lastKnownFileType = wrapper.framework; name = RxSwift.framework; path = Carthage/Build/iOS/RxSwift.framework; sourceTree = "<group>"; };
		84F80C142458485800BEF56C /* NSObject_Rx.framework */ = {isa = PBXFileReference; lastKnownFileType = wrapper.framework; name = NSObject_Rx.framework; path = Carthage/Build/iOS/NSObject_Rx.framework; sourceTree = "<group>"; };
		84F80C172458486600BEF56C /* RxRelay.framework */ = {isa = PBXFileReference; lastKnownFileType = wrapper.framework; name = RxRelay.framework; path = Carthage/Build/iOS/RxRelay.framework; sourceTree = "<group>"; };
/* End PBXFileReference section */

/* Begin PBXFrameworksBuildPhase section */
		75569CE121C227C5005105CA /* Frameworks */ = {
			isa = PBXFrameworksBuildPhase;
			buildActionMask = 2147483647;
			files = (
				84F80C182458486600BEF56C /* RxRelay.framework in Frameworks */,
				84F80C122458484900BEF56C /* RxSwift.framework in Frameworks */,
				84F80C152458485800BEF56C /* NSObject_Rx.framework in Frameworks */,
				84F80C0E2458483D00BEF56C /* RxCocoa.framework in Frameworks */,
			);
			runOnlyForDeploymentPostprocessing = 0;
		};
/* End PBXFrameworksBuildPhase section */

/* Begin PBXGroup section */
		75569CDB21C227C5005105CA = {
			isa = PBXGroup;
			children = (
				75569CE621C227C5005105CA /* AutoLayoutTwitterProfile */,
				75569CE521C227C5005105CA /* Products */,
				84F80C0C2458483D00BEF56C /* Frameworks */,
			);
			sourceTree = "<group>";
		};
		75569CE521C227C5005105CA /* Products */ = {
			isa = PBXGroup;
			children = (
				75569CE421C227C5005105CA /* AutoLayoutTwitterProfile.app */,
			);
			name = Products;
			sourceTree = "<group>";
		};
		75569CE621C227C5005105CA /* AutoLayoutTwitterProfile */ = {
			isa = PBXGroup;
			children = (
				75569CE721C227C5005105CA /* AppDelegate.swift */,
				75569CE921C227C5005105CA /* ViewController.swift */,
				75569CEB21C227C5005105CA /* Main.storyboard */,
				75569CEE21C227C6005105CA /* Assets.xcassets */,
				75569CF021C227C6005105CA /* LaunchScreen.storyboard */,
				75569CF321C227C6005105CA /* Info.plist */,
			);
			path = AutoLayoutTwitterProfile;
			sourceTree = "<group>";
		};
		84F80C0C2458483D00BEF56C /* Frameworks */ = {
			isa = PBXGroup;
			children = (
				84F80C172458486600BEF56C /* RxRelay.framework */,
				84F80C142458485800BEF56C /* NSObject_Rx.framework */,
				84F80C112458484900BEF56C /* RxSwift.framework */,
				84F80C0D2458483D00BEF56C /* RxCocoa.framework */,
			);
			name = Frameworks;
			sourceTree = "<group>";
		};
/* End PBXGroup section */

/* Begin PBXNativeTarget section */
		75569CE321C227C5005105CA /* AutoLayoutTwitterProfile */ = {
			isa = PBXNativeTarget;
			buildConfigurationList = 75569CF621C227C6005105CA /* Build configuration list for PBXNativeTarget "AutoLayoutTwitterProfile" */;
			buildPhases = (
				75569CE021C227C5005105CA /* Sources */,
				75569CE121C227C5005105CA /* Frameworks */,
				75569CE221C227C5005105CA /* Resources */,
				84F80C1A245849EE00BEF56C /* Carthage */,
			);
			buildRules = (
			);
			dependencies = (
			);
			name = AutoLayoutTwitterProfile;
			productName = AutoLayoutTwitterProfile;
			productReference = 75569CE421C227C5005105CA /* AutoLayoutTwitterProfile.app */;
			productType = "com.apple.product-type.application";
		};
/* End PBXNativeTarget section */

/* Begin PBXProject section */
		75569CDC21C227C5005105CA /* Project object */ = {
			isa = PBXProject;
			attributes = {
				LastSwiftUpdateCheck = 1010;
				LastUpgradeCheck = 1010;
				ORGANIZATIONNAME = Azuma;
				TargetAttributes = {
					75569CE321C227C5005105CA = {
						CreatedOnToolsVersion = 10.1;
						LastSwiftMigration = 1110;
					};
				};
			};
			buildConfigurationList = 75569CDF21C227C5005105CA /* Build configuration list for PBXProject "AutoLayoutTwitterProfile" */;
			compatibilityVersion = "Xcode 9.3";
			developmentRegion = en;
			hasScannedForEncodings = 0;
			knownRegions = (
				en,
				Base,
			);
			mainGroup = 75569CDB21C227C5005105CA;
			productRefGroup = 75569CE521C227C5005105CA /* Products */;
			projectDirPath = "";
			projectRoot = "";
			targets = (
				75569CE321C227C5005105CA /* AutoLayoutTwitterProfile */,
			);
		};
/* End PBXProject section */

/* Begin PBXResourcesBuildPhase section */
		75569CE221C227C5005105CA /* Resources */ = {
			isa = PBXResourcesBuildPhase;
			buildActionMask = 2147483647;
			files = (
				75569CF221C227C6005105CA /* LaunchScreen.storyboard in Resources */,
				75569CEF21C227C6005105CA /* Assets.xcassets in Resources */,
				75569CED21C227C5005105CA /* Main.storyboard in Resources */,
			);
			runOnlyForDeploymentPostprocessing = 0;
		};
/* End PBXResourcesBuildPhase section */

/* Begin PBXShellScriptBuildPhase section */
		84F80C1A245849EE00BEF56C /* Carthage */ = {
			isa = PBXShellScriptBuildPhase;
			buildActionMask = 2147483647;
			files = (
			);
			inputFileListPaths = (
			);
			inputPaths = (
				"$(SRCROOT)/Carthage/Build/iOS/RxRelay.framework",
				"$(SRCROOT)/Carthage/Build/iOS/RxCocoa.framework",
				"$(SRCROOT)/Carthage/Build/iOS/NSObject_Rx.framework",
				"$(SRCROOT)/Carthage/Build/iOS/RxSwift.framework",
			);
			name = Carthage;
			outputFileListPaths = (
			);
			outputPaths = (
				"$(BUILT_PRODUCTS_DIR)/$(FRAMEWORKS_FOLDER_PATH)/RxSwift.framework",
				"$(BUILT_PRODUCTS_DIR)/$(FRAMEWORKS_FOLDER_PATH)/RxCocoa.framework",
				"$(BUILT_PRODUCTS_DIR)/$(FRAMEWORKS_FOLDER_PATH)/NSObject_Rx.framework",
				"$(BUILT_PRODUCTS_DIR)/$(FRAMEWORKS_FOLDER_PATH)/RxRelay.framework",
			);
			runOnlyForDeploymentPostprocessing = 0;
			shellPath = /bin/sh;
			shellScript = "carthage copy-frameworks\n\n";
		};
/* End PBXShellScriptBuildPhase section */

/* Begin PBXSourcesBuildPhase section */
		75569CE021C227C5005105CA /* Sources */ = {
			isa = PBXSourcesBuildPhase;
			buildActionMask = 2147483647;
			files = (
				75569CEA21C227C5005105CA /* ViewController.swift in Sources */,
				75569CE821C227C5005105CA /* AppDelegate.swift in Sources */,
			);
			runOnlyForDeploymentPostprocessing = 0;
		};
/* End PBXSourcesBuildPhase section */

/* Begin PBXVariantGroup section */
		75569CEB21C227C5005105CA /* Main.storyboard */ = {
			isa = PBXVariantGroup;
			children = (
				75569CEC21C227C5005105CA /* Base */,
			);
			name = Main.storyboard;
			sourceTree = "<group>";
		};
		75569CF021C227C6005105CA /* LaunchScreen.storyboard */ = {
			isa = PBXVariantGroup;
			children = (
				75569CF121C227C6005105CA /* Base */,
			);
			name = LaunchScreen.storyboard;
			sourceTree = "<group>";
		};
/* End PBXVariantGroup section */

/* Begin XCBuildConfiguration section */
		75569CF421C227C6005105CA /* Debug */ = {
			isa = XCBuildConfiguration;
			buildSettings = {
				ALWAYS_SEARCH_USER_PATHS = NO;
				CLANG_ANALYZER_NONNULL = YES;
				CLANG_ANALYZER_NUMBER_OBJECT_CONVERSION = YES_AGGRESSIVE;
				CLANG_CXX_LANGUAGE_STANDARD = "gnu++14";
				CLANG_CXX_LIBRARY = "libc++";
				CLANG_ENABLE_MODULES = YES;
				CLANG_ENABLE_OBJC_ARC = YES;
				CLANG_ENABLE_OBJC_WEAK = YES;
				CLANG_WARN_BLOCK_CAPTURE_AUTORELEASING = YES;
				CLANG_WARN_BOOL_CONVERSION = YES;
				CLANG_WARN_COMMA = YES;
				CLANG_WARN_CONSTANT_CONVERSION = YES;
				CLANG_WARN_DEPRECATED_OBJC_IMPLEMENTATIONS = YES;
				CLANG_WARN_DIRECT_OBJC_ISA_USAGE = YES_ERROR;
				CLANG_WARN_DOCUMENTATION_COMMENTS = YES;
				CLANG_WARN_EMPTY_BODY = YES;
				CLANG_WARN_ENUM_CONVERSION = YES;
				CLANG_WARN_INFINITE_RECURSION = YES;
				CLANG_WARN_INT_CONVERSION = YES;
				CLANG_WARN_NON_LITERAL_NULL_CONVERSION = YES;
				CLANG_WARN_OBJC_IMPLICIT_RETAIN_SELF = YES;
				CLANG_WARN_OBJC_LITERAL_CONVERSION = YES;
				CLANG_WARN_OBJC_ROOT_CLASS = YES_ERROR;
				CLANG_WARN_RANGE_LOOP_ANALYSIS = YES;
				CLANG_WARN_STRICT_PROTOTYPES = YES;
				CLANG_WARN_SUSPICIOUS_MOVE = YES;
				CLANG_WARN_UNGUARDED_AVAILABILITY = YES_AGGRESSIVE;
				CLANG_WARN_UNREACHABLE_CODE = YES;
				CLANG_WARN__DUPLICATE_METHOD_MATCH = YES;
				CODE_SIGN_IDENTITY = "iPhone Developer";
				COPY_PHASE_STRIP = NO;
				DEBUG_INFORMATION_FORMAT = dwarf;
				ENABLE_STRICT_OBJC_MSGSEND = YES;
				ENABLE_TESTABILITY = YES;
				GCC_C_LANGUAGE_STANDARD = gnu11;
				GCC_DYNAMIC_NO_PIC = NO;
				GCC_NO_COMMON_BLOCKS = YES;
				GCC_OPTIMIZATION_LEVEL = 0;
				GCC_PREPROCESSOR_DEFINITIONS = (
					"DEBUG=1",
					"$(inherited)",
				);
				GCC_WARN_64_TO_32_BIT_CONVERSION = YES;
				GCC_WARN_ABOUT_RETURN_TYPE = YES_ERROR;
				GCC_WARN_UNDECLARED_SELECTOR = YES;
				GCC_WARN_UNINITIALIZED_AUTOS = YES_AGGRESSIVE;
				GCC_WARN_UNUSED_FUNCTION = YES;
				GCC_WARN_UNUSED_VARIABLE = YES;
				IPHONEOS_DEPLOYMENT_TARGET = 12.1;
				MTL_ENABLE_DEBUG_INFO = INCLUDE_SOURCE;
				MTL_FAST_MATH = YES;
				ONLY_ACTIVE_ARCH = YES;
				SDKROOT = iphoneos;
				SWIFT_ACTIVE_COMPILATION_CONDITIONS = DEBUG;
				SWIFT_OPTIMIZATION_LEVEL = "-Onone";
			};
			name = Debug;
		};
		75569CF521C227C6005105CA /* Release */ = {
			isa = XCBuildConfiguration;
			buildSettings = {
				ALWAYS_SEARCH_USER_PATHS = NO;
				CLANG_ANALYZER_NONNULL = YES;
				CLANG_ANALYZER_NUMBER_OBJECT_CONVERSION = YES_AGGRESSIVE;
				CLANG_CXX_LANGUAGE_STANDARD = "gnu++14";
				CLANG_CXX_LIBRARY = "libc++";
				CLANG_ENABLE_MODULES = YES;
				CLANG_ENABLE_OBJC_ARC = YES;
				CLANG_ENABLE_OBJC_WEAK = YES;
				CLANG_WARN_BLOCK_CAPTURE_AUTORELEASING = YES;
				CLANG_WARN_BOOL_CONVERSION = YES;
				CLANG_WARN_COMMA = YES;
				CLANG_WARN_CONSTANT_CONVERSION = YES;
				CLANG_WARN_DEPRECATED_OBJC_IMPLEMENTATIONS = YES;
				CLANG_WARN_DIRECT_OBJC_ISA_USAGE = YES_ERROR;
				CLANG_WARN_DOCUMENTATION_COMMENTS = YES;
				CLANG_WARN_EMPTY_BODY = YES;
				CLANG_WARN_ENUM_CONVERSION = YES;
				CLANG_WARN_INFINITE_RECURSION = YES;
				CLANG_WARN_INT_CONVERSION = YES;
				CLANG_WARN_NON_LITERAL_NULL_CONVERSION = YES;
				CLANG_WARN_OBJC_IMPLICIT_RETAIN_SELF = YES;
				CLANG_WARN_OBJC_LITERAL_CONVERSION = YES;
				CLANG_WARN_OBJC_ROOT_CLASS = YES_ERROR;
				CLANG_WARN_RANGE_LOOP_ANALYSIS = YES;
				CLANG_WARN_STRICT_PROTOTYPES = YES;
				CLANG_WARN_SUSPICIOUS_MOVE = YES;
				CLANG_WARN_UNGUARDED_AVAILABILITY = YES_AGGRESSIVE;
				CLANG_WARN_UNREACHABLE_CODE = YES;
				CLANG_WARN__DUPLICATE_METHOD_MATCH = YES;
				CODE_SIGN_IDENTITY = "iPhone Developer";
				COPY_PHASE_STRIP = NO;
				DEBUG_INFORMATION_FORMAT = "dwarf-with-dsym";
				ENABLE_NS_ASSERTIONS = NO;
				ENABLE_STRICT_OBJC_MSGSEND = YES;
				GCC_C_LANGUAGE_STANDARD = gnu11;
				GCC_NO_COMMON_BLOCKS = YES;
				GCC_WARN_64_TO_32_BIT_CONVERSION = YES;
				GCC_WARN_ABOUT_RETURN_TYPE = YES_ERROR;
				GCC_WARN_UNDECLARED_SELECTOR = YES;
				GCC_WARN_UNINITIALIZED_AUTOS = YES_AGGRESSIVE;
				GCC_WARN_UNUSED_FUNCTION = YES;
				GCC_WARN_UNUSED_VARIABLE = YES;
				IPHONEOS_DEPLOYMENT_TARGET = 12.1;
				MTL_ENABLE_DEBUG_INFO = NO;
				MTL_FAST_MATH = YES;
				SDKROOT = iphoneos;
				SWIFT_COMPILATION_MODE = wholemodule;
				SWIFT_OPTIMIZATION_LEVEL = "-O";
				VALIDATE_PRODUCT = YES;
			};
			name = Release;
		};
		75569CF721C227C6005105CA /* Debug */ = {
			isa = XCBuildConfiguration;
			buildSettings = {
				ASSETCATALOG_COMPILER_APPICON_NAME = AppIcon;
				CODE_SIGN_STYLE = Automatic;
				DEVELOPMENT_TEAM = CWW3CV2X72;
				FRAMEWORK_SEARCH_PATHS = (
					"$(inherited)",
					"$(PROJECT_DIR)/Carthage/Build/iOS",
				);
				INFOPLIST_FILE = AutoLayoutTwitterProfile/Info.plist;
				LD_RUNPATH_SEARCH_PATHS = (
					"$(inherited)",
					"@executable_path/Frameworks",
				);
				PRODUCT_BUNDLE_IDENTIFIER = ind.azumax.AutoLayoutTwitterProfile;
				PRODUCT_NAME = "$(TARGET_NAME)";
				SWIFT_VERSION = 5.0;
				TARGETED_DEVICE_FAMILY = "1,2";
			};
			name = Debug;
		};
		75569CF821C227C6005105CA /* Release */ = {
			isa = XCBuildConfiguration;
			buildSettings = {
				ASSETCATALOG_COMPILER_APPICON_NAME = AppIcon;
				CODE_SIGN_STYLE = Automatic;
				DEVELOPMENT_TEAM = CWW3CV2X72;
				FRAMEWORK_SEARCH_PATHS = (
					"$(inherited)",
					"$(PROJECT_DIR)/Carthage/Build/iOS",
				);
				INFOPLIST_FILE = AutoLayoutTwitterProfile/Info.plist;
				LD_RUNPATH_SEARCH_PATHS = (
					"$(inherited)",
					"@executable_path/Frameworks",
				);
				PRODUCT_BUNDLE_IDENTIFIER = ind.azumax.AutoLayoutTwitterProfile;
				PRODUCT_NAME = "$(TARGET_NAME)";
				SWIFT_VERSION = 5.0;
				TARGETED_DEVICE_FAMILY = "1,2";
			};
			name = Release;
		};
/* End XCBuildConfiguration section */

/* Begin XCConfigurationList section */
		75569CDF21C227C5005105CA /* Build configuration list for PBXProject "AutoLayoutTwitterProfile" */ = {
			isa = XCConfigurationList;
			buildConfigurations = (
				75569CF421C227C6005105CA /* Debug */,
				75569CF521C227C6005105CA /* Release */,
			);
			defaultConfigurationIsVisible = 0;
			defaultConfigurationName = Release;
		};
		75569CF621C227C6005105CA /* Build configuration list for PBXNativeTarget "AutoLayoutTwitterProfile" */ = {
			isa = XCConfigurationList;
			buildConfigurations = (
				75569CF721C227C6005105CA /* Debug */,
				75569CF821C227C6005105CA /* Release */,
			);
			defaultConfigurationIsVisible = 0;
			defaultConfigurationName = Release;
		};
/* End XCConfigurationList section */
	};
	rootObject = 75569CDC21C227C5005105CA /* Project object */;
}
